// !$*UTF8*$!
{
	archiveVersion = 1;
	classes = {
	};
	objectVersion = 56;
	objects = {

/* Begin PBXBuildFile section */
		5957BCE2294A9F59001DF85D /* NeuralNetworkApp.swift in Sources */ = {isa = PBXBuildFile; fileRef = 5957BCE1294A9F59001DF85D /* NeuralNetworkApp.swift */; };
		5957BCE4294A9F59001DF85D /* ContentView.swift in Sources */ = {isa = PBXBuildFile; fileRef = 5957BCE3294A9F59001DF85D /* ContentView.swift */; };
		5957BCE6294A9F5A001DF85D /* Assets.xcassets in Resources */ = {isa = PBXBuildFile; fileRef = 5957BCE5294A9F5A001DF85D /* Assets.xcassets */; };
		5957BCEA294A9F5A001DF85D /* Preview Assets.xcassets in Resources */ = {isa = PBXBuildFile; fileRef = 5957BCE9294A9F5A001DF85D /* Preview Assets.xcassets */; };
		5957BCF1294A9F63001DF85D /* MNISTParser.swift in Sources */ = {isa = PBXBuildFile; fileRef = 5957BCF0294A9F63001DF85D /* MNISTParser.swift */; };
		5957BCF4294A9FB5001DF85D /* train-images-idx3-ubyte in Resources */ = {isa = PBXBuildFile; fileRef = 5957BCF2294A9FB4001DF85D /* train-images-idx3-ubyte */; };
		5957BCF5294A9FB5001DF85D /* train-labels-idx1-ubyte in Resources */ = {isa = PBXBuildFile; fileRef = 5957BCF3294A9FB5001DF85D /* train-labels-idx1-ubyte */; };
		59F58AEB294AF793006FC86D /* ImageRendering.swift in Sources */ = {isa = PBXBuildFile; fileRef = 59F58AEA294AF793006FC86D /* ImageRendering.swift */; };
/* End PBXBuildFile section */

/* Begin PBXFileReference section */
		5957BCDE294A9F59001DF85D /* NeuralNetwork.app */ = {isa = PBXFileReference; explicitFileType = wrapper.application; includeInIndex = 0; path = NeuralNetwork.app; sourceTree = BUILT_PRODUCTS_DIR; };
		5957BCE1294A9F59001DF85D /* NeuralNetworkApp.swift */ = {isa = PBXFileReference; lastKnownFileType = sourcecode.swift; path = NeuralNetworkApp.swift; sourceTree = "<group>"; };
		5957BCE3294A9F59001DF85D /* ContentView.swift */ = {isa = PBXFileReference; lastKnownFileType = sourcecode.swift; path = ContentView.swift; sourceTree = "<group>"; };
		5957BCE5294A9F5A001DF85D /* Assets.xcassets */ = {isa = PBXFileReference; lastKnownFileType = folder.assetcatalog; path = Assets.xcassets; sourceTree = "<group>"; };
		5957BCE7294A9F5A001DF85D /* NeuralNetwork.entitlements */ = {isa = PBXFileReference; lastKnownFileType = text.plist.entitlements; path = NeuralNetwork.entitlements; sourceTree = "<group>"; };
		5957BCE9294A9F5A001DF85D /* Preview Assets.xcassets */ = {isa = PBXFileReference; lastKnownFileType = folder.assetcatalog; path = "Preview Assets.xcassets"; sourceTree = "<group>"; };
		5957BCF0294A9F63001DF85D /* MNISTParser.swift */ = {isa = PBXFileReference; lastKnownFileType = sourcecode.swift; path = MNISTParser.swift; sourceTree = "<group>"; };
		5957BCF2294A9FB4001DF85D /* train-images-idx3-ubyte */ = {isa = PBXFileReference; lastKnownFileType = file; path = "train-images-idx3-ubyte"; sourceTree = "<group>"; };
		5957BCF3294A9FB5001DF85D /* train-labels-idx1-ubyte */ = {isa = PBXFileReference; lastKnownFileType = file; path = "train-labels-idx1-ubyte"; sourceTree = "<group>"; };
		59F58AEA294AF793006FC86D /* ImageRendering.swift */ = {isa = PBXFileReference; lastKnownFileType = sourcecode.swift; path = ImageRendering.swift; sourceTree = "<group>"; };
/* End PBXFileReference section */

/* Begin PBXFrameworksBuildPhase section */
		5957BCDB294A9F59001DF85D /* Frameworks */ = {
			isa = PBXFrameworksBuildPhase;
			buildActionMask = 2147483647;
			files = (
			);
			runOnlyForDeploymentPostprocessing = 0;
		};
/* End PBXFrameworksBuildPhase section */

/* Begin PBXGroup section */
		5957BCD5294A9F59001DF85D = {
			isa = PBXGroup;
			children = (
				5957BCE0294A9F59001DF85D /* NeuralNetwork */,
				5957BCDF294A9F59001DF85D /* Products */,
			);
			sourceTree = "<group>";
		};
		5957BCDF294A9F59001DF85D /* Products */ = {
			isa = PBXGroup;
			children = (
				5957BCDE294A9F59001DF85D /* NeuralNetwork.app */,
			);
			name = Products;
			sourceTree = "<group>";
		};
		5957BCE0294A9F59001DF85D /* NeuralNetwork */ = {
			isa = PBXGroup;
			children = (
				5957BCF6294A9FBB001DF85D /* Framework */,
				5957BCE1294A9F59001DF85D /* NeuralNetworkApp.swift */,
				5957BCE3294A9F59001DF85D /* ContentView.swift */,
				59F58AEA294AF793006FC86D /* ImageRendering.swift */,
				5957BCE5294A9F5A001DF85D /* Assets.xcassets */,
				5957BCE7294A9F5A001DF85D /* NeuralNetwork.entitlements */,
				5957BCE8294A9F5A001DF85D /* Preview Content */,
				5957BCF2294A9FB4001DF85D /* train-images-idx3-ubyte */,
				5957BCF3294A9FB5001DF85D /* train-labels-idx1-ubyte */,
			);
			path = NeuralNetwork;
			sourceTree = "<group>";
		};
		5957BCE8294A9F5A001DF85D /* Preview Content */ = {
			isa = PBXGroup;
			children = (
				5957BCE9294A9F5A001DF85D /* Preview Assets.xcassets */,
			);
			path = "Preview Content";
			sourceTree = "<group>";
		};
		5957BCF6294A9FBB001DF85D /* Framework */ = {
			isa = PBXGroup;
			children = (
				5957BCF0294A9F63001DF85D /* MNISTParser.swift */,
			);
			path = Framework;
			sourceTree = "<group>";
		};
/* End PBXGroup section */

/* Begin PBXNativeTarget section */
		5957BCDD294A9F59001DF85D /* NeuralNetwork */ = {
			isa = PBXNativeTarget;
			buildConfigurationList = 5957BCED294A9F5A001DF85D /* Build configuration list for PBXNativeTarget "NeuralNetwork" */;
			buildPhases = (
				5957BCDA294A9F59001DF85D /* Sources */,
				5957BCDB294A9F59001DF85D /* Frameworks */,
				5957BCDC294A9F59001DF85D /* Resources */,
			);
			buildRules = (
			);
			dependencies = (
			);
			name = NeuralNetwork;
			productName = NeuralNetwork;
			productReference = 5957BCDE294A9F59001DF85D /* NeuralNetwork.app */;
			productType = "com.apple.product-type.application";
		};
/* End PBXNativeTarget section */

/* Begin PBXProject section */
		5957BCD6294A9F59001DF85D /* Project object */ = {
			isa = PBXProject;
			attributes = {
				BuildIndependentTargetsInParallel = 1;
				LastSwiftUpdateCheck = 1420;
				LastUpgradeCheck = 1420;
				TargetAttributes = {
					5957BCDD294A9F59001DF85D = {
						CreatedOnToolsVersion = 14.2;
					};
				};
			};
			buildConfigurationList = 5957BCD9294A9F59001DF85D /* Build configuration list for PBXProject "NeuralNetwork" */;
			compatibilityVersion = "Xcode 14.0";
			developmentRegion = en;
			hasScannedForEncodings = 0;
			knownRegions = (
				en,
				Base,
			);
			mainGroup = 5957BCD5294A9F59001DF85D;
			productRefGroup = 5957BCDF294A9F59001DF85D /* Products */;
			projectDirPath = "";
			projectRoot = "";
			targets = (
				5957BCDD294A9F59001DF85D /* NeuralNetwork */,
			);
		};
/* End PBXProject section */

/* Begin PBXResourcesBuildPhase section */
		5957BCDC294A9F59001DF85D /* Resources */ = {
			isa = PBXResourcesBuildPhase;
			buildActionMask = 2147483647;
			files = (
				5957BCF4294A9FB5001DF85D /* train-images-idx3-ubyte in Resources */,
				5957BCEA294A9F5A001DF85D /* Preview Assets.xcassets in Resources */,
				5957BCF5294A9FB5001DF85D /* train-labels-idx1-ubyte in Resources */,
				5957BCE6294A9F5A001DF85D /* Assets.xcassets in Resources */,
			);
			runOnlyForDeploymentPostprocessing = 0;
		};
/* End PBXResourcesBuildPhase section */

/* Begin PBXSourcesBuildPhase section */
		5957BCDA294A9F59001DF85D /* Sources */ = {
			isa = PBXSourcesBuildPhase;
			buildActionMask = 2147483647;
			files = (
				59F58AEB294AF793006FC86D /* ImageRendering.swift in Sources */,
				5957BCE4294A9F59001DF85D /* ContentView.swift in Sources */,
				5957BCE2294A9F59001DF85D /* NeuralNetworkApp.swift in Sources */,
				5957BCF1294A9F63001DF85D /* MNISTParser.swift in Sources */,
			);
			runOnlyForDeploymentPostprocessing = 0;
		};
/* End PBXSourcesBuildPhase section */

/* Begin XCBuildConfiguration section */
		5957BCEB294A9F5A001DF85D /* Debug */ = {
			isa = XCBuildConfiguration;
			buildSettings = {
				ALWAYS_SEARCH_USER_PATHS = NO;
				CLANG_ANALYZER_NONNULL = YES;
				CLANG_ANALYZER_NUMBER_OBJECT_CONVERSION = YES_AGGRESSIVE;
				CLANG_CXX_LANGUAGE_STANDARD = "gnu++20";
				CLANG_ENABLE_MODULES = YES;
				CLANG_ENABLE_OBJC_ARC = YES;
				CLANG_ENABLE_OBJC_WEAK = YES;
				CLANG_WARN_BLOCK_CAPTURE_AUTORELEASING = YES;
				CLANG_WARN_BOOL_CONVERSION = YES;
				CLANG_WARN_COMMA = YES;
				CLANG_WARN_CONSTANT_CONVERSION = YES;
				CLANG_WARN_DEPRECATED_OBJC_IMPLEMENTATIONS = YES;
				CLANG_WARN_DIRECT_OBJC_ISA_USAGE = YES_ERROR;
				CLANG_WARN_DOCUMENTATION_COMMENTS = YES;
				CLANG_WARN_EMPTY_BODY = YES;
				CLANG_WARN_ENUM_CONVERSION = YES;
				CLANG_WARN_INFINITE_RECURSION = YES;
				CLANG_WARN_INT_CONVERSION = YES;
				CLANG_WARN_NON_LITERAL_NULL_CONVERSION = YES;
				CLANG_WARN_OBJC_IMPLICIT_RETAIN_SELF = YES;
				CLANG_WARN_OBJC_LITERAL_CONVERSION = YES;
				CLANG_WARN_OBJC_ROOT_CLASS = YES_ERROR;
				CLANG_WARN_QUOTED_INCLUDE_IN_FRAMEWORK_HEADER = YES;
				CLANG_WARN_RANGE_LOOP_ANALYSIS = YES;
				CLANG_WARN_STRICT_PROTOTYPES = YES;
				CLANG_WARN_SUSPICIOUS_MOVE = YES;
				CLANG_WARN_UNGUARDED_AVAILABILITY = YES_AGGRESSIVE;
				CLANG_WARN_UNREACHABLE_CODE = YES;
				CLANG_WARN__DUPLICATE_METHOD_MATCH = YES;
				COPY_PHASE_STRIP = NO;
				DEBUG_INFORMATION_FORMAT = dwarf;
				ENABLE_STRICT_OBJC_MSGSEND = YES;
				ENABLE_TESTABILITY = YES;
				GCC_C_LANGUAGE_STANDARD = gnu11;
				GCC_DYNAMIC_NO_PIC = NO;
				GCC_NO_COMMON_BLOCKS = YES;
				GCC_OPTIMIZATION_LEVEL = 0;
				GCC_PREPROCESSOR_DEFINITIONS = (
					"DEBUG=1",
					"$(inherited)",
				);
				GCC_WARN_64_TO_32_BIT_CONVERSION = YES;
				GCC_WARN_ABOUT_RETURN_TYPE = YES_ERROR;
				GCC_WARN_UNDECLARED_SELECTOR = YES;
				GCC_WARN_UNINITIALIZED_AUTOS = YES_AGGRESSIVE;
				GCC_WARN_UNUSED_FUNCTION = YES;
				GCC_WARN_UNUSED_VARIABLE = YES;
				MTL_ENABLE_DEBUG_INFO = INCLUDE_SOURCE;
				MTL_FAST_MATH = YES;
				ONLY_ACTIVE_ARCH = YES;
				SWIFT_ACTIVE_COMPILATION_CONDITIONS = DEBUG;
				SWIFT_OPTIMIZATION_LEVEL = "-Onone";
			};
			name = Debug;
		};
		5957BCEC294A9F5A001DF85D /* Release */ = {
			isa = XCBuildConfiguration;
			buildSettings = {
				ALWAYS_SEARCH_USER_PATHS = NO;
				CLANG_ANALYZER_NONNULL = YES;
				CLANG_ANALYZER_NUMBER_OBJECT_CONVERSION = YES_AGGRESSIVE;
				CLANG_CXX_LANGUAGE_STANDARD = "gnu++20";
				CLANG_ENABLE_MODULES = YES;
				CLANG_ENABLE_OBJC_ARC = YES;
				CLANG_ENABLE_OBJC_WEAK = YES;
				CLANG_WARN_BLOCK_CAPTURE_AUTORELEASING = YES;
				CLANG_WARN_BOOL_CONVERSION = YES;
				CLANG_WARN_COMMA = YES;
				CLANG_WARN_CONSTANT_CONVERSION = YES;
				CLANG_WARN_DEPRECATED_OBJC_IMPLEMENTATIONS = YES;
				CLANG_WARN_DIRECT_OBJC_ISA_USAGE = YES_ERROR;
				CLANG_WARN_DOCUMENTATION_COMMENTS = YES;
				CLANG_WARN_EMPTY_BODY = YES;
				CLANG_WARN_ENUM_CONVERSION = YES;
				CLANG_WARN_INFINITE_RECURSION = YES;
				CLANG_WARN_INT_CONVERSION = YES;
				CLANG_WARN_NON_LITERAL_NULL_CONVERSION = YES;
				CLANG_WARN_OBJC_IMPLICIT_RETAIN_SELF = YES;
				CLANG_WARN_OBJC_LITERAL_CONVERSION = YES;
				CLANG_WARN_OBJC_ROOT_CLASS = YES_ERROR;
				CLANG_WARN_QUOTED_INCLUDE_IN_FRAMEWORK_HEADER = YES;
				CLANG_WARN_RANGE_LOOP_ANALYSIS = YES;
				CLANG_WARN_STRICT_PROTOTYPES = YES;
				CLANG_WARN_SUSPICIOUS_MOVE = YES;
				CLANG_WARN_UNGUARDED_AVAILABILITY = YES_AGGRESSIVE;
				CLANG_WARN_UNREACHABLE_CODE = YES;
				CLANG_WARN__DUPLICATE_METHOD_MATCH = YES;
				COPY_PHASE_STRIP = NO;
				DEBUG_INFORMATION_FORMAT = "dwarf-with-dsym";
				ENABLE_NS_ASSERTIONS = NO;
				ENABLE_STRICT_OBJC_MSGSEND = YES;
				GCC_C_LANGUAGE_STANDARD = gnu11;
				GCC_NO_COMMON_BLOCKS = YES;
				GCC_WARN_64_TO_32_BIT_CONVERSION = YES;
				GCC_WARN_ABOUT_RETURN_TYPE = YES_ERROR;
				GCC_WARN_UNDECLARED_SELECTOR = YES;
				GCC_WARN_UNINITIALIZED_AUTOS = YES_AGGRESSIVE;
				GCC_WARN_UNUSED_FUNCTION = YES;
				GCC_WARN_UNUSED_VARIABLE = YES;
				MTL_ENABLE_DEBUG_INFO = NO;
				MTL_FAST_MATH = YES;
				SWIFT_COMPILATION_MODE = wholemodule;
				SWIFT_OPTIMIZATION_LEVEL = "-O";
			};
			name = Release;
		};
		5957BCEE294A9F5A001DF85D /* Debug */ = {
			isa = XCBuildConfiguration;
			buildSettings = {
				ASSETCATALOG_COMPILER_APPICON_NAME = AppIcon;
				ASSETCATALOG_COMPILER_GLOBAL_ACCENT_COLOR_NAME = AccentColor;
				CODE_SIGN_ENTITLEMENTS = NeuralNetwork/NeuralNetwork.entitlements;
				CODE_SIGN_STYLE = Automatic;
				CURRENT_PROJECT_VERSION = 1;
				DEVELOPMENT_ASSET_PATHS = "\"NeuralNetwork/Preview Content\"";
				DEVELOPMENT_TEAM = 6V6XY979JQ;
				ENABLE_HARDENED_RUNTIME = YES;
				ENABLE_PREVIEWS = YES;
				GENERATE_INFOPLIST_FILE = YES;
				"INFOPLIST_KEY_UIApplicationSceneManifest_Generation[sdk=iphoneos*]" = YES;
				"INFOPLIST_KEY_UIApplicationSceneManifest_Generation[sdk=iphonesimulator*]" = YES;
				"INFOPLIST_KEY_UIApplicationSupportsIndirectInputEvents[sdk=iphoneos*]" = YES;
				"INFOPLIST_KEY_UIApplicationSupportsIndirectInputEvents[sdk=iphonesimulator*]" = YES;
				"INFOPLIST_KEY_UILaunchScreen_Generation[sdk=iphoneos*]" = YES;
				"INFOPLIST_KEY_UILaunchScreen_Generation[sdk=iphonesimulator*]" = YES;
				"INFOPLIST_KEY_UIStatusBarStyle[sdk=iphoneos*]" = UIStatusBarStyleDefault;
				"INFOPLIST_KEY_UIStatusBarStyle[sdk=iphonesimulator*]" = UIStatusBarStyleDefault;
				INFOPLIST_KEY_UISupportedInterfaceOrientations_iPad = "UIInterfaceOrientationPortrait UIInterfaceOrientationPortraitUpsideDown UIInterfaceOrientationLandscapeLeft UIInterfaceOrientationLandscapeRight";
				INFOPLIST_KEY_UISupportedInterfaceOrientations_iPhone = "UIInterfaceOrientationPortrait UIInterfaceOrientationLandscapeLeft UIInterfaceOrientationLandscapeRight";
				IPHONEOS_DEPLOYMENT_TARGET = 16.2;
				LD_RUNPATH_SEARCH_PATHS = "@executable_path/Frameworks";
				"LD_RUNPATH_SEARCH_PATHS[sdk=macosx*]" = "@executable_path/../Frameworks";
				MACOSX_DEPLOYMENT_TARGET = 13.0;
				MARKETING_VERSION = 1.0;
				PRODUCT_BUNDLE_IDENTIFIER = es.javisoto.NeuralNetwork;
				PRODUCT_NAME = "$(TARGET_NAME)";
				SDKROOT = auto;
				SUPPORTED_PLATFORMS = "iphoneos iphonesimulator macosx";
				SWIFT_EMIT_LOC_STRINGS = YES;
				SWIFT_VERSION = 5.0;
				TARGETED_DEVICE_FAMILY = "1,2";
			};
			name = Debug;
		};
		5957BCEF294A9F5A001DF85D /* Release */ = {
			isa = XCBuildConfiguration;
			buildSettings = {
				ASSETCATALOG_COMPILER_APPICON_NAME = AppIcon;
				ASSETCATALOG_COMPILER_GLOBAL_ACCENT_COLOR_NAME = AccentColor;
				CODE_SIGN_ENTITLEMENTS = NeuralNetwork/NeuralNetwork.entitlements;
				CODE_SIGN_STYLE = Automatic;
				CURRENT_PROJECT_VERSION = 1;
				DEVELOPMENT_ASSET_PATHS = "\"NeuralNetwork/Preview Content\"";
				DEVELOPMENT_TEAM = 6V6XY979JQ;
				ENABLE_HARDENED_RUNTIME = YES;
				ENABLE_PREVIEWS = YES;
				GENERATE_INFOPLIST_FILE = YES;
				"INFOPLIST_KEY_UIApplicationSceneManifest_Generation[sdk=iphoneos*]" = YES;
				"INFOPLIST_KEY_UIApplicationSceneManifest_Generation[sdk=iphonesimulator*]" = YES;
				"INFOPLIST_KEY_UIApplicationSupportsIndirectInputEvents[sdk=iphoneos*]" = YES;
				"INFOPLIST_KEY_UIApplicationSupportsIndirectInputEvents[sdk=iphonesimulator*]" = YES;
				"INFOPLIST_KEY_UILaunchScreen_Generation[sdk=iphoneos*]" = YES;
				"INFOPLIST_KEY_UILaunchScreen_Generation[sdk=iphonesimulator*]" = YES;
				"INFOPLIST_KEY_UIStatusBarStyle[sdk=iphoneos*]" = UIStatusBarStyleDefault;
				"INFOPLIST_KEY_UIStatusBarStyle[sdk=iphonesimulator*]" = UIStatusBarStyleDefault;
				INFOPLIST_KEY_UISupportedInterfaceOrientations_iPad = "UIInterfaceOrientationPortrait UIInterfaceOrientationPortraitUpsideDown UIInterfaceOrientationLandscapeLeft UIInterfaceOrientationLandscapeRight";
				INFOPLIST_KEY_UISupportedInterfaceOrientations_iPhone = "UIInterfaceOrientationPortrait UIInterfaceOrientationLandscapeLeft UIInterfaceOrientationLandscapeRight";
				IPHONEOS_DEPLOYMENT_TARGET = 16.2;
				LD_RUNPATH_SEARCH_PATHS = "@executable_path/Frameworks";
				"LD_RUNPATH_SEARCH_PATHS[sdk=macosx*]" = "@executable_path/../Frameworks";
				MACOSX_DEPLOYMENT_TARGET = 13.0;
				MARKETING_VERSION = 1.0;
				PRODUCT_BUNDLE_IDENTIFIER = es.javisoto.NeuralNetwork;
				PRODUCT_NAME = "$(TARGET_NAME)";
				SDKROOT = auto;
				SUPPORTED_PLATFORMS = "iphoneos iphonesimulator macosx";
				SWIFT_EMIT_LOC_STRINGS = YES;
				SWIFT_VERSION = 5.0;
				TARGETED_DEVICE_FAMILY = "1,2";
			};
			name = Release;
		};
/* End XCBuildConfiguration section */

/* Begin XCConfigurationList section */
		5957BCD9294A9F59001DF85D /* Build configuration list for PBXProject "NeuralNetwork" */ = {
			isa = XCConfigurationList;
			buildConfigurations = (
				5957BCEB294A9F5A001DF85D /* Debug */,
				5957BCEC294A9F5A001DF85D /* Release */,
			);
			defaultConfigurationIsVisible = 0;
			defaultConfigurationName = Release;
		};
		5957BCED294A9F5A001DF85D /* Build configuration list for PBXNativeTarget "NeuralNetwork" */ = {
			isa = XCConfigurationList;
			buildConfigurations = (
				5957BCEE294A9F5A001DF85D /* Debug */,
				5957BCEF294A9F5A001DF85D /* Release */,
			);
			defaultConfigurationIsVisible = 0;
			defaultConfigurationName = Release;
		};
/* End XCConfigurationList section */
	};
	rootObject = 5957BCD6294A9F59001DF85D /* Project object */;
}
