// !$*UTF8*$!
{
	archiveVersion = 1;
	classes = {
	};
	objectVersion = 56;
	objects = {

/* Begin PBXBuildFile section */
		5957BCE2294A9F59001DF85D /* NeuralNetworkApp.swift in Sources */ = {isa = PBXBuildFile; fileRef = 5957BCE1294A9F59001DF85D /* NeuralNetworkApp.swift */; };
		5957BCE4294A9F59001DF85D /* ContentView.swift in Sources */ = {isa = PBXBuildFile; fileRef = 5957BCE3294A9F59001DF85D /* ContentView.swift */; };
		5957BCE6294A9F5A001DF85D /* Assets.xcassets in Resources */ = {isa = PBXBuildFile; fileRef = 5957BCE5294A9F5A001DF85D /* Assets.xcassets */; };
		5957BCEA294A9F5A001DF85D /* Preview Assets.xcassets in Resources */ = {isa = PBXBuildFile; fileRef = 5957BCE9294A9F5A001DF85D /* Preview Assets.xcassets */; };
		5957BCF1294A9F63001DF85D /* MNISTParser.swift in Sources */ = {isa = PBXBuildFile; fileRef = 5957BCF0294A9F63001DF85D /* MNISTParser.swift */; };
		5957BCF4294A9FB5001DF85D /* train-images-idx3-ubyte in Resources */ = {isa = PBXBuildFile; fileRef = 5957BCF2294A9FB4001DF85D /* train-images-idx3-ubyte */; };
		5957BCF5294A9FB5001DF85D /* train-labels-idx1-ubyte in Resources */ = {isa = PBXBuildFile; fileRef = 5957BCF3294A9FB5001DF85D /* train-labels-idx1-ubyte */; };
		59D542DA294C2D8B00919139 /* SwiftUIExtensions.swift in Sources */ = {isa = PBXBuildFile; fileRef = 59D542D9294C2D8B00919139 /* SwiftUIExtensions.swift */; };
		59D542DC294C2DAF00919139 /* Helpers.swift in Sources */ = {isa = PBXBuildFile; fileRef = 59D542DB294C2DAF00919139 /* Helpers.swift */; };
		59D542DE294E717500919139 /* LearningAccuracyEvolutionGraph.swift in Sources */ = {isa = PBXBuildFile; fileRef = 59D542DD294E717500919139 /* LearningAccuracyEvolutionGraph.swift */; };
		59D542E2294E75B600919139 /* NeuralNetworkViewModel.swift in Sources */ = {isa = PBXBuildFile; fileRef = 59D542E1294E75B600919139 /* NeuralNetworkViewModel.swift */; };
		59D542E4294E75D300919139 /* DataLoading.swift in Sources */ = {isa = PBXBuildFile; fileRef = 59D542E3294E75D300919139 /* DataLoading.swift */; };
		59D542E6294E762500919139 /* NeuralNetworkView.swift in Sources */ = {isa = PBXBuildFile; fileRef = 59D542E5294E762500919139 /* NeuralNetworkView.swift */; };
		59F58AEB294AF793006FC86D /* ImageRendering.swift in Sources */ = {isa = PBXBuildFile; fileRef = 59F58AEA294AF793006FC86D /* ImageRendering.swift */; };
		59F58AED294AFCA0006FC86D /* NeuralNetwork.swift in Sources */ = {isa = PBXBuildFile; fileRef = 59F58AEC294AFCA0006FC86D /* NeuralNetwork.swift */; };
		59F58AF5294B01EE006FC86D /* NeuralNetworkTests.swift in Sources */ = {isa = PBXBuildFile; fileRef = 59F58AF4294B01EE006FC86D /* NeuralNetworkTests.swift */; };
		59F58AFD294B0412006FC86D /* SwiftMatrix in Frameworks */ = {isa = PBXBuildFile; productRef = 59F58AFC294B0412006FC86D /* SwiftMatrix */; };
		59F58AFF294B0C66006FC86D /* ImageRecognitionNeuralNetwork.swift in Sources */ = {isa = PBXBuildFile; fileRef = 59F58AFE294B0C66006FC86D /* ImageRecognitionNeuralNetwork.swift */; };
		59F58B07294BB721006FC86D /* t10k-images-idx3-ubyte in Resources */ = {isa = PBXBuildFile; fileRef = 59F58B05294BB707006FC86D /* t10k-images-idx3-ubyte */; };
		59F58B08294BB721006FC86D /* t10k-labels-idx1-ubyte in Resources */ = {isa = PBXBuildFile; fileRef = 59F58B06294BB707006FC86D /* t10k-labels-idx1-ubyte */; };
/* End PBXBuildFile section */

/* Begin PBXContainerItemProxy section */
		59F58AF6294B01EE006FC86D /* PBXContainerItemProxy */ = {
			isa = PBXContainerItemProxy;
			containerPortal = 5957BCD6294A9F59001DF85D /* Project object */;
			proxyType = 1;
			remoteGlobalIDString = 5957BCDD294A9F59001DF85D;
			remoteInfo = NeuralNetwork;
		};
/* End PBXContainerItemProxy section */

/* Begin PBXFileReference section */
		5957BCDE294A9F59001DF85D /* NeuralNetwork.app */ = {isa = PBXFileReference; explicitFileType = wrapper.application; includeInIndex = 0; path = NeuralNetwork.app; sourceTree = BUILT_PRODUCTS_DIR; };
		5957BCE1294A9F59001DF85D /* NeuralNetworkApp.swift */ = {isa = PBXFileReference; lastKnownFileType = sourcecode.swift; path = NeuralNetworkApp.swift; sourceTree = "<group>"; };
		5957BCE3294A9F59001DF85D /* ContentView.swift */ = {isa = PBXFileReference; lastKnownFileType = sourcecode.swift; path = ContentView.swift; sourceTree = "<group>"; };
		5957BCE5294A9F5A001DF85D /* Assets.xcassets */ = {isa = PBXFileReference; lastKnownFileType = folder.assetcatalog; path = Assets.xcassets; sourceTree = "<group>"; };
		5957BCE7294A9F5A001DF85D /* NeuralNetwork.entitlements */ = {isa = PBXFileReference; lastKnownFileType = text.plist.entitlements; path = NeuralNetwork.entitlements; sourceTree = "<group>"; };
		5957BCE9294A9F5A001DF85D /* Preview Assets.xcassets */ = {isa = PBXFileReference; lastKnownFileType = folder.assetcatalog; path = "Preview Assets.xcassets"; sourceTree = "<group>"; };
		5957BCF0294A9F63001DF85D /* MNISTParser.swift */ = {isa = PBXFileReference; lastKnownFileType = sourcecode.swift; path = MNISTParser.swift; sourceTree = "<group>"; };
		5957BCF2294A9FB4001DF85D /* train-images-idx3-ubyte */ = {isa = PBXFileReference; lastKnownFileType = file; path = "train-images-idx3-ubyte"; sourceTree = "<group>"; };
		5957BCF3294A9FB5001DF85D /* train-labels-idx1-ubyte */ = {isa = PBXFileReference; lastKnownFileType = file; path = "train-labels-idx1-ubyte"; sourceTree = "<group>"; };
		59D542D9294C2D8B00919139 /* SwiftUIExtensions.swift */ = {isa = PBXFileReference; lastKnownFileType = sourcecode.swift; path = SwiftUIExtensions.swift; sourceTree = "<group>"; };
		59D542DB294C2DAF00919139 /* Helpers.swift */ = {isa = PBXFileReference; lastKnownFileType = sourcecode.swift; path = Helpers.swift; sourceTree = "<group>"; };
		59D542DD294E717500919139 /* LearningAccuracyEvolutionGraph.swift */ = {isa = PBXFileReference; lastKnownFileType = sourcecode.swift; path = LearningAccuracyEvolutionGraph.swift; sourceTree = "<group>"; };
		59D542E1294E75B600919139 /* NeuralNetworkViewModel.swift */ = {isa = PBXFileReference; lastKnownFileType = sourcecode.swift; path = NeuralNetworkViewModel.swift; sourceTree = "<group>"; };
		59D542E3294E75D300919139 /* DataLoading.swift */ = {isa = PBXFileReference; lastKnownFileType = sourcecode.swift; path = DataLoading.swift; sourceTree = "<group>"; };
		59D542E5294E762500919139 /* NeuralNetworkView.swift */ = {isa = PBXFileReference; lastKnownFileType = sourcecode.swift; path = NeuralNetworkView.swift; sourceTree = "<group>"; };
		59F58AEA294AF793006FC86D /* ImageRendering.swift */ = {isa = PBXFileReference; lastKnownFileType = sourcecode.swift; path = ImageRendering.swift; sourceTree = "<group>"; };
		59F58AEC294AFCA0006FC86D /* NeuralNetwork.swift */ = {isa = PBXFileReference; lastKnownFileType = sourcecode.swift; path = NeuralNetwork.swift; sourceTree = "<group>"; };
		59F58AF2294B01EE006FC86D /* NeuralNetworkTests.xctest */ = {isa = PBXFileReference; explicitFileType = wrapper.cfbundle; includeInIndex = 0; path = NeuralNetworkTests.xctest; sourceTree = BUILT_PRODUCTS_DIR; };
		59F58AF4294B01EE006FC86D /* NeuralNetworkTests.swift */ = {isa = PBXFileReference; lastKnownFileType = sourcecode.swift; path = NeuralNetworkTests.swift; sourceTree = "<group>"; };
		59F58AFE294B0C66006FC86D /* ImageRecognitionNeuralNetwork.swift */ = {isa = PBXFileReference; lastKnownFileType = sourcecode.swift; path = ImageRecognitionNeuralNetwork.swift; sourceTree = "<group>"; };
		59F58B05294BB707006FC86D /* t10k-images-idx3-ubyte */ = {isa = PBXFileReference; lastKnownFileType = file; path = "t10k-images-idx3-ubyte"; sourceTree = "<group>"; };
		59F58B06294BB707006FC86D /* t10k-labels-idx1-ubyte */ = {isa = PBXFileReference; lastKnownFileType = file; path = "t10k-labels-idx1-ubyte"; sourceTree = "<group>"; };
/* End PBXFileReference section */

/* Begin PBXFrameworksBuildPhase section */
		5957BCDB294A9F59001DF85D /* Frameworks */ = {
			isa = PBXFrameworksBuildPhase;
			buildActionMask = 2147483647;
			files = (
				59F58AFD294B0412006FC86D /* SwiftMatrix in Frameworks */,
			);
			runOnlyForDeploymentPostprocessing = 0;
		};
		59F58AEF294B01EE006FC86D /* Frameworks */ = {
			isa = PBXFrameworksBuildPhase;
			buildActionMask = 2147483647;
			files = (
			);
			runOnlyForDeploymentPostprocessing = 0;
		};
/* End PBXFrameworksBuildPhase section */

/* Begin PBXGroup section */
		5957BCD5294A9F59001DF85D = {
			isa = PBXGroup;
			children = (
				5957BCE0294A9F59001DF85D /* NeuralNetwork */,
				59F58AF3294B01EE006FC86D /* NeuralNetworkTests */,
				5957BCDF294A9F59001DF85D /* Products */,
			);
			sourceTree = "<group>";
		};
		5957BCDF294A9F59001DF85D /* Products */ = {
			isa = PBXGroup;
			children = (
				5957BCDE294A9F59001DF85D /* NeuralNetwork.app */,
				59F58AF2294B01EE006FC86D /* NeuralNetworkTests.xctest */,
			);
			name = Products;
			sourceTree = "<group>";
		};
		5957BCE0294A9F59001DF85D /* NeuralNetwork */ = {
			isa = PBXGroup;
			children = (
				5957BCE1294A9F59001DF85D /* NeuralNetworkApp.swift */,
				59F58AFE294B0C66006FC86D /* ImageRecognitionNeuralNetwork.swift */,
				5957BCF6294A9FBB001DF85D /* Framework */,
				59D542DF294E758400919139 /* Views */,
				59F58B00294B9EA1006FC86D /* Data */,
				59D542E0294E759E00919139 /* Helpers */,
				5957BCE5294A9F5A001DF85D /* Assets.xcassets */,
				5957BCE7294A9F5A001DF85D /* NeuralNetwork.entitlements */,
				5957BCE8294A9F5A001DF85D /* Preview Content */,
			);
			path = NeuralNetwork;
			sourceTree = "<group>";
		};
		5957BCE8294A9F5A001DF85D /* Preview Content */ = {
			isa = PBXGroup;
			children = (
				5957BCE9294A9F5A001DF85D /* Preview Assets.xcassets */,
			);
			path = "Preview Content";
			sourceTree = "<group>";
		};
		5957BCF6294A9FBB001DF85D /* Framework */ = {
			isa = PBXGroup;
			children = (
				5957BCF0294A9F63001DF85D /* MNISTParser.swift */,
				59F58AEC294AFCA0006FC86D /* NeuralNetwork.swift */,
			);
			path = Framework;
			sourceTree = "<group>";
		};
		59D542DF294E758400919139 /* Views */ = {
			isa = PBXGroup;
			children = (
				5957BCE3294A9F59001DF85D /* ContentView.swift */,
				59D542E5294E762500919139 /* NeuralNetworkView.swift */,
				59D542DD294E717500919139 /* LearningAccuracyEvolutionGraph.swift */,
				59D542E1294E75B600919139 /* NeuralNetworkViewModel.swift */,
			);
			path = Views;
			sourceTree = "<group>";
		};
		59D542E0294E759E00919139 /* Helpers */ = {
			isa = PBXGroup;
			children = (
				59D542D9294C2D8B00919139 /* SwiftUIExtensions.swift */,
				59F58AEA294AF793006FC86D /* ImageRendering.swift */,
				59D542DB294C2DAF00919139 /* Helpers.swift */,
			);
			path = Helpers;
			sourceTree = "<group>";
		};
		59F58AF3294B01EE006FC86D /* NeuralNetworkTests */ = {
			isa = PBXGroup;
			children = (
				59F58AF4294B01EE006FC86D /* NeuralNetworkTests.swift */,
			);
			path = NeuralNetworkTests;
			sourceTree = "<group>";
		};
		59F58B00294B9EA1006FC86D /* Data */ = {
			isa = PBXGroup;
			children = (
				59D542E3294E75D300919139 /* DataLoading.swift */,
				5957BCF2294A9FB4001DF85D /* train-images-idx3-ubyte */,
				5957BCF3294A9FB5001DF85D /* train-labels-idx1-ubyte */,
				59F58B05294BB707006FC86D /* t10k-images-idx3-ubyte */,
				59F58B06294BB707006FC86D /* t10k-labels-idx1-ubyte */,
			);
			path = Data;
			sourceTree = "<group>";
		};
/* End PBXGroup section */

/* Begin PBXNativeTarget section */
		5957BCDD294A9F59001DF85D /* NeuralNetwork */ = {
			isa = PBXNativeTarget;
			buildConfigurationList = 5957BCED294A9F5A001DF85D /* Build configuration list for PBXNativeTarget "NeuralNetwork" */;
			buildPhases = (
				5957BCDA294A9F59001DF85D /* Sources */,
				5957BCDB294A9F59001DF85D /* Frameworks */,
				5957BCDC294A9F59001DF85D /* Resources */,
			);
			buildRules = (
			);
			dependencies = (
			);
			name = NeuralNetwork;
			packageProductDependencies = (
				59F58AFC294B0412006FC86D /* SwiftMatrix */,
			);
			productName = NeuralNetwork;
			productReference = 5957BCDE294A9F59001DF85D /* NeuralNetwork.app */;
			productType = "com.apple.product-type.application";
		};
		59F58AF1294B01EE006FC86D /* NeuralNetworkTests */ = {
			isa = PBXNativeTarget;
			buildConfigurationList = 59F58AF8294B01EE006FC86D /* Build configuration list for PBXNativeTarget "NeuralNetworkTests" */;
			buildPhases = (
				59F58AEE294B01EE006FC86D /* Sources */,
				59F58AEF294B01EE006FC86D /* Frameworks */,
				59F58AF0294B01EE006FC86D /* Resources */,
			);
			buildRules = (
			);
			dependencies = (
				59F58AF7294B01EE006FC86D /* PBXTargetDependency */,
			);
			name = NeuralNetworkTests;
			productName = NeuralNetworkTests;
			productReference = 59F58AF2294B01EE006FC86D /* NeuralNetworkTests.xctest */;
			productType = "com.apple.product-type.bundle.unit-test";
		};
/* End PBXNativeTarget section */

/* Begin PBXProject section */
		5957BCD6294A9F59001DF85D /* Project object */ = {
			isa = PBXProject;
			attributes = {
				BuildIndependentTargetsInParallel = 1;
				LastSwiftUpdateCheck = 1420;
				LastUpgradeCheck = 1420;
				TargetAttributes = {
					5957BCDD294A9F59001DF85D = {
						CreatedOnToolsVersion = 14.2;
					};
					59F58AF1294B01EE006FC86D = {
						CreatedOnToolsVersion = 14.2;
						TestTargetID = 5957BCDD294A9F59001DF85D;
					};
				};
			};
			buildConfigurationList = 5957BCD9294A9F59001DF85D /* Build configuration list for PBXProject "NeuralNetwork" */;
			compatibilityVersion = "Xcode 14.0";
			developmentRegion = en;
			hasScannedForEncodings = 0;
			knownRegions = (
				en,
				Base,
			);
			mainGroup = 5957BCD5294A9F59001DF85D;
			packageReferences = (
				59F58AFB294B0412006FC86D /* XCRemoteSwiftPackageReference "SwiftMatrix" */,
			);
			productRefGroup = 5957BCDF294A9F59001DF85D /* Products */;
			projectDirPath = "";
			projectRoot = "";
			targets = (
				5957BCDD294A9F59001DF85D /* NeuralNetwork */,
				59F58AF1294B01EE006FC86D /* NeuralNetworkTests */,
			);
		};
/* End PBXProject section */

/* Begin PBXResourcesBuildPhase section */
		5957BCDC294A9F59001DF85D /* Resources */ = {
			isa = PBXResourcesBuildPhase;
			buildActionMask = 2147483647;
			files = (
				5957BCF4294A9FB5001DF85D /* train-images-idx3-ubyte in Resources */,
				59F58B08294BB721006FC86D /* t10k-labels-idx1-ubyte in Resources */,
				5957BCEA294A9F5A001DF85D /* Preview Assets.xcassets in Resources */,
				5957BCF5294A9FB5001DF85D /* train-labels-idx1-ubyte in Resources */,
				59F58B07294BB721006FC86D /* t10k-images-idx3-ubyte in Resources */,
				5957BCE6294A9F5A001DF85D /* Assets.xcassets in Resources */,
			);
			runOnlyForDeploymentPostprocessing = 0;
		};
		59F58AF0294B01EE006FC86D /* Resources */ = {
			isa = PBXResourcesBuildPhase;
			buildActionMask = 2147483647;
			files = (
			);
			runOnlyForDeploymentPostprocessing = 0;
		};
/* End PBXResourcesBuildPhase section */

/* Begin PBXSourcesBuildPhase section */
		5957BCDA294A9F59001DF85D /* Sources */ = {
			isa = PBXSourcesBuildPhase;
			buildActionMask = 2147483647;
			files = (
				59F58AED294AFCA0006FC86D /* NeuralNetwork.swift in Sources */,
				59D542DA294C2D8B00919139 /* SwiftUIExtensions.swift in Sources */,
				59F58AEB294AF793006FC86D /* ImageRendering.swift in Sources */,
				59D542E4294E75D300919139 /* DataLoading.swift in Sources */,
				59D542DC294C2DAF00919139 /* Helpers.swift in Sources */,
				5957BCE4294A9F59001DF85D /* ContentView.swift in Sources */,
				5957BCE2294A9F59001DF85D /* NeuralNetworkApp.swift in Sources */,
				59D542E2294E75B600919139 /* NeuralNetworkViewModel.swift in Sources */,
				5957BCF1294A9F63001DF85D /* MNISTParser.swift in Sources */,
				59D542DE294E717500919139 /* LearningAccuracyEvolutionGraph.swift in Sources */,
				59D542E6294E762500919139 /* NeuralNetworkView.swift in Sources */,
				59F58AFF294B0C66006FC86D /* ImageRecognitionNeuralNetwork.swift in Sources */,
			);
			runOnlyForDeploymentPostprocessing = 0;
		};
		59F58AEE294B01EE006FC86D /* Sources */ = {
			isa = PBXSourcesBuildPhase;
			buildActionMask = 2147483647;
			files = (
				59F58AF5294B01EE006FC86D /* NeuralNetworkTests.swift in Sources */,
			);
			runOnlyForDeploymentPostprocessing = 0;
		};
/* End PBXSourcesBuildPhase section */

/* Begin PBXTargetDependency section */
		59F58AF7294B01EE006FC86D /* PBXTargetDependency */ = {
			isa = PBXTargetDependency;
			target = 5957BCDD294A9F59001DF85D /* NeuralNetwork */;
			targetProxy = 59F58AF6294B01EE006FC86D /* PBXContainerItemProxy */;
		};
/* End PBXTargetDependency section */

/* Begin XCBuildConfiguration section */
		5957BCEB294A9F5A001DF85D /* Debug */ = {
			isa = XCBuildConfiguration;
			buildSettings = {
				ALWAYS_SEARCH_USER_PATHS = NO;
				CLANG_ANALYZER_NONNULL = YES;
				CLANG_ANALYZER_NUMBER_OBJECT_CONVERSION = YES_AGGRESSIVE;
				CLANG_CXX_LANGUAGE_STANDARD = "gnu++20";
				CLANG_ENABLE_MODULES = YES;
				CLANG_ENABLE_OBJC_ARC = YES;
				CLANG_ENABLE_OBJC_WEAK = YES;
				CLANG_WARN_BLOCK_CAPTURE_AUTORELEASING = YES;
				CLANG_WARN_BOOL_CONVERSION = YES;
				CLANG_WARN_COMMA = YES;
				CLANG_WARN_CONSTANT_CONVERSION = YES;
				CLANG_WARN_DEPRECATED_OBJC_IMPLEMENTATIONS = YES;
				CLANG_WARN_DIRECT_OBJC_ISA_USAGE = YES_ERROR;
				CLANG_WARN_DOCUMENTATION_COMMENTS = YES;
				CLANG_WARN_EMPTY_BODY = YES;
				CLANG_WARN_ENUM_CONVERSION = YES;
				CLANG_WARN_INFINITE_RECURSION = YES;
				CLANG_WARN_INT_CONVERSION = YES;
				CLANG_WARN_NON_LITERAL_NULL_CONVERSION = YES;
				CLANG_WARN_OBJC_IMPLICIT_RETAIN_SELF = YES;
				CLANG_WARN_OBJC_LITERAL_CONVERSION = YES;
				CLANG_WARN_OBJC_ROOT_CLASS = YES_ERROR;
				CLANG_WARN_QUOTED_INCLUDE_IN_FRAMEWORK_HEADER = YES;
				CLANG_WARN_RANGE_LOOP_ANALYSIS = YES;
				CLANG_WARN_STRICT_PROTOTYPES = YES;
				CLANG_WARN_SUSPICIOUS_MOVE = YES;
				CLANG_WARN_UNGUARDED_AVAILABILITY = YES_AGGRESSIVE;
				CLANG_WARN_UNREACHABLE_CODE = YES;
				CLANG_WARN__DUPLICATE_METHOD_MATCH = YES;
				COPY_PHASE_STRIP = NO;
				DEBUG_INFORMATION_FORMAT = dwarf;
				ENABLE_STRICT_OBJC_MSGSEND = YES;
				ENABLE_TESTABILITY = YES;
				GCC_C_LANGUAGE_STANDARD = gnu11;
				GCC_DYNAMIC_NO_PIC = NO;
				GCC_NO_COMMON_BLOCKS = YES;
				GCC_OPTIMIZATION_LEVEL = 0;
				GCC_PREPROCESSOR_DEFINITIONS = (
					"DEBUG=1",
					"$(inherited)",
				);
				GCC_WARN_64_TO_32_BIT_CONVERSION = YES;
				GCC_WARN_ABOUT_RETURN_TYPE = YES_ERROR;
				GCC_WARN_UNDECLARED_SELECTOR = YES;
				GCC_WARN_UNINITIALIZED_AUTOS = YES_AGGRESSIVE;
				GCC_WARN_UNUSED_FUNCTION = YES;
				GCC_WARN_UNUSED_VARIABLE = YES;
				MTL_ENABLE_DEBUG_INFO = INCLUDE_SOURCE;
				MTL_FAST_MATH = YES;
				ONLY_ACTIVE_ARCH = YES;
				SWIFT_ACTIVE_COMPILATION_CONDITIONS = DEBUG;
				SWIFT_OPTIMIZATION_LEVEL = "-Onone";
			};
			name = Debug;
		};
		5957BCEC294A9F5A001DF85D /* Release */ = {
			isa = XCBuildConfiguration;
			buildSettings = {
				ALWAYS_SEARCH_USER_PATHS = NO;
				CLANG_ANALYZER_NONNULL = YES;
				CLANG_ANALYZER_NUMBER_OBJECT_CONVERSION = YES_AGGRESSIVE;
				CLANG_CXX_LANGUAGE_STANDARD = "gnu++20";
				CLANG_ENABLE_MODULES = YES;
				CLANG_ENABLE_OBJC_ARC = YES;
				CLANG_ENABLE_OBJC_WEAK = YES;
				CLANG_WARN_BLOCK_CAPTURE_AUTORELEASING = YES;
				CLANG_WARN_BOOL_CONVERSION = YES;
				CLANG_WARN_COMMA = YES;
				CLANG_WARN_CONSTANT_CONVERSION = YES;
				CLANG_WARN_DEPRECATED_OBJC_IMPLEMENTATIONS = YES;
				CLANG_WARN_DIRECT_OBJC_ISA_USAGE = YES_ERROR;
				CLANG_WARN_DOCUMENTATION_COMMENTS = YES;
				CLANG_WARN_EMPTY_BODY = YES;
				CLANG_WARN_ENUM_CONVERSION = YES;
				CLANG_WARN_INFINITE_RECURSION = YES;
				CLANG_WARN_INT_CONVERSION = YES;
				CLANG_WARN_NON_LITERAL_NULL_CONVERSION = YES;
				CLANG_WARN_OBJC_IMPLICIT_RETAIN_SELF = YES;
				CLANG_WARN_OBJC_LITERAL_CONVERSION = YES;
				CLANG_WARN_OBJC_ROOT_CLASS = YES_ERROR;
				CLANG_WARN_QUOTED_INCLUDE_IN_FRAMEWORK_HEADER = YES;
				CLANG_WARN_RANGE_LOOP_ANALYSIS = YES;
				CLANG_WARN_STRICT_PROTOTYPES = YES;
				CLANG_WARN_SUSPICIOUS_MOVE = YES;
				CLANG_WARN_UNGUARDED_AVAILABILITY = YES_AGGRESSIVE;
				CLANG_WARN_UNREACHABLE_CODE = YES;
				CLANG_WARN__DUPLICATE_METHOD_MATCH = YES;
				COPY_PHASE_STRIP = NO;
				DEBUG_INFORMATION_FORMAT = "dwarf-with-dsym";
				ENABLE_NS_ASSERTIONS = NO;
				ENABLE_STRICT_OBJC_MSGSEND = YES;
				GCC_C_LANGUAGE_STANDARD = gnu11;
				GCC_NO_COMMON_BLOCKS = YES;
				GCC_WARN_64_TO_32_BIT_CONVERSION = YES;
				GCC_WARN_ABOUT_RETURN_TYPE = YES_ERROR;
				GCC_WARN_UNDECLARED_SELECTOR = YES;
				GCC_WARN_UNINITIALIZED_AUTOS = YES_AGGRESSIVE;
				GCC_WARN_UNUSED_FUNCTION = YES;
				GCC_WARN_UNUSED_VARIABLE = YES;
				MTL_ENABLE_DEBUG_INFO = NO;
				MTL_FAST_MATH = YES;
				SWIFT_COMPILATION_MODE = wholemodule;
				SWIFT_OPTIMIZATION_LEVEL = "-O";
			};
			name = Release;
		};
		5957BCEE294A9F5A001DF85D /* Debug */ = {
			isa = XCBuildConfiguration;
			buildSettings = {
				ASSETCATALOG_COMPILER_APPICON_NAME = AppIcon;
				ASSETCATALOG_COMPILER_GLOBAL_ACCENT_COLOR_NAME = AccentColor;
				CODE_SIGN_ENTITLEMENTS = NeuralNetwork/NeuralNetwork.entitlements;
				CODE_SIGN_STYLE = Automatic;
				CURRENT_PROJECT_VERSION = 1;
				DEVELOPMENT_ASSET_PATHS = "\"NeuralNetwork/Preview Content\"";
				DEVELOPMENT_TEAM = 6V6XY979JQ;
				ENABLE_HARDENED_RUNTIME = YES;
				ENABLE_PREVIEWS = YES;
				GENERATE_INFOPLIST_FILE = YES;
				"INFOPLIST_KEY_UIApplicationSceneManifest_Generation[sdk=iphoneos*]" = YES;
				"INFOPLIST_KEY_UIApplicationSceneManifest_Generation[sdk=iphonesimulator*]" = YES;
				"INFOPLIST_KEY_UIApplicationSupportsIndirectInputEvents[sdk=iphoneos*]" = YES;
				"INFOPLIST_KEY_UIApplicationSupportsIndirectInputEvents[sdk=iphonesimulator*]" = YES;
				"INFOPLIST_KEY_UILaunchScreen_Generation[sdk=iphoneos*]" = YES;
				"INFOPLIST_KEY_UILaunchScreen_Generation[sdk=iphonesimulator*]" = YES;
				"INFOPLIST_KEY_UIStatusBarStyle[sdk=iphoneos*]" = UIStatusBarStyleDefault;
				"INFOPLIST_KEY_UIStatusBarStyle[sdk=iphonesimulator*]" = UIStatusBarStyleDefault;
				INFOPLIST_KEY_UISupportedInterfaceOrientations_iPad = "UIInterfaceOrientationPortrait UIInterfaceOrientationPortraitUpsideDown UIInterfaceOrientationLandscapeLeft UIInterfaceOrientationLandscapeRight";
				INFOPLIST_KEY_UISupportedInterfaceOrientations_iPhone = "UIInterfaceOrientationPortrait UIInterfaceOrientationLandscapeLeft UIInterfaceOrientationLandscapeRight";
				IPHONEOS_DEPLOYMENT_TARGET = 16.2;
				LD_RUNPATH_SEARCH_PATHS = "@executable_path/Frameworks";
				"LD_RUNPATH_SEARCH_PATHS[sdk=macosx*]" = "@executable_path/../Frameworks";
				MACOSX_DEPLOYMENT_TARGET = 13.0;
				MARKETING_VERSION = 1.0;
				PRODUCT_BUNDLE_IDENTIFIER = es.javisoto.NeuralNetwork;
				PRODUCT_NAME = "$(TARGET_NAME)";
				SDKROOT = auto;
				SUPPORTED_PLATFORMS = "iphoneos iphonesimulator macosx";
				SWIFT_EMIT_LOC_STRINGS = YES;
				SWIFT_VERSION = 5.0;
				TARGETED_DEVICE_FAMILY = "1,2";
			};
			name = Debug;
		};
		5957BCEF294A9F5A001DF85D /* Release */ = {
			isa = XCBuildConfiguration;
			buildSettings = {
				ASSETCATALOG_COMPILER_APPICON_NAME = AppIcon;
				ASSETCATALOG_COMPILER_GLOBAL_ACCENT_COLOR_NAME = AccentColor;
				CODE_SIGN_ENTITLEMENTS = NeuralNetwork/NeuralNetwork.entitlements;
				CODE_SIGN_STYLE = Automatic;
				CURRENT_PROJECT_VERSION = 1;
				DEVELOPMENT_ASSET_PATHS = "\"NeuralNetwork/Preview Content\"";
				DEVELOPMENT_TEAM = 6V6XY979JQ;
				ENABLE_HARDENED_RUNTIME = YES;
				ENABLE_PREVIEWS = YES;
				GENERATE_INFOPLIST_FILE = YES;
				"INFOPLIST_KEY_UIApplicationSceneManifest_Generation[sdk=iphoneos*]" = YES;
				"INFOPLIST_KEY_UIApplicationSceneManifest_Generation[sdk=iphonesimulator*]" = YES;
				"INFOPLIST_KEY_UIApplicationSupportsIndirectInputEvents[sdk=iphoneos*]" = YES;
				"INFOPLIST_KEY_UIApplicationSupportsIndirectInputEvents[sdk=iphonesimulator*]" = YES;
				"INFOPLIST_KEY_UILaunchScreen_Generation[sdk=iphoneos*]" = YES;
				"INFOPLIST_KEY_UILaunchScreen_Generation[sdk=iphonesimulator*]" = YES;
				"INFOPLIST_KEY_UIStatusBarStyle[sdk=iphoneos*]" = UIStatusBarStyleDefault;
				"INFOPLIST_KEY_UIStatusBarStyle[sdk=iphonesimulator*]" = UIStatusBarStyleDefault;
				INFOPLIST_KEY_UISupportedInterfaceOrientations_iPad = "UIInterfaceOrientationPortrait UIInterfaceOrientationPortraitUpsideDown UIInterfaceOrientationLandscapeLeft UIInterfaceOrientationLandscapeRight";
				INFOPLIST_KEY_UISupportedInterfaceOrientations_iPhone = "UIInterfaceOrientationPortrait UIInterfaceOrientationLandscapeLeft UIInterfaceOrientationLandscapeRight";
				IPHONEOS_DEPLOYMENT_TARGET = 16.2;
				LD_RUNPATH_SEARCH_PATHS = "@executable_path/Frameworks";
				"LD_RUNPATH_SEARCH_PATHS[sdk=macosx*]" = "@executable_path/../Frameworks";
				MACOSX_DEPLOYMENT_TARGET = 13.0;
				MARKETING_VERSION = 1.0;
				PRODUCT_BUNDLE_IDENTIFIER = es.javisoto.NeuralNetwork;
				PRODUCT_NAME = "$(TARGET_NAME)";
				SDKROOT = auto;
				SUPPORTED_PLATFORMS = "iphoneos iphonesimulator macosx";
				SWIFT_EMIT_LOC_STRINGS = YES;
				SWIFT_VERSION = 5.0;
				TARGETED_DEVICE_FAMILY = "1,2";
			};
			name = Release;
		};
		59F58AF9294B01EE006FC86D /* Debug */ = {
			isa = XCBuildConfiguration;
			buildSettings = {
				BUNDLE_LOADER = "$(TEST_HOST)";
				CODE_SIGN_STYLE = Automatic;
				CURRENT_PROJECT_VERSION = 1;
				DEVELOPMENT_TEAM = 6V6XY979JQ;
				GENERATE_INFOPLIST_FILE = YES;
				IPHONEOS_DEPLOYMENT_TARGET = 16.2;
				MACOSX_DEPLOYMENT_TARGET = 13.0;
				MARKETING_VERSION = 1.0;
				PRODUCT_BUNDLE_IDENTIFIER = es.javisoto.NeuralNetworkTests;
				PRODUCT_NAME = "$(TARGET_NAME)";
				SDKROOT = auto;
				SUPPORTED_PLATFORMS = "iphoneos iphonesimulator macosx";
				SWIFT_EMIT_LOC_STRINGS = NO;
				SWIFT_VERSION = 5.0;
				TARGETED_DEVICE_FAMILY = "1,2";
				TEST_HOST = "$(BUILT_PRODUCTS_DIR)/NeuralNetwork.app/$(BUNDLE_EXECUTABLE_FOLDER_PATH)/NeuralNetwork";
			};
			name = Debug;
		};
		59F58AFA294B01EE006FC86D /* Release */ = {
			isa = XCBuildConfiguration;
			buildSettings = {
				BUNDLE_LOADER = "$(TEST_HOST)";
				CODE_SIGN_STYLE = Automatic;
				CURRENT_PROJECT_VERSION = 1;
				DEVELOPMENT_TEAM = 6V6XY979JQ;
				GENERATE_INFOPLIST_FILE = YES;
				IPHONEOS_DEPLOYMENT_TARGET = 16.2;
				MACOSX_DEPLOYMENT_TARGET = 13.0;
				MARKETING_VERSION = 1.0;
				PRODUCT_BUNDLE_IDENTIFIER = es.javisoto.NeuralNetworkTests;
				PRODUCT_NAME = "$(TARGET_NAME)";
				SDKROOT = auto;
				SUPPORTED_PLATFORMS = "iphoneos iphonesimulator macosx";
				SWIFT_EMIT_LOC_STRINGS = NO;
				SWIFT_VERSION = 5.0;
				TARGETED_DEVICE_FAMILY = "1,2";
				TEST_HOST = "$(BUILT_PRODUCTS_DIR)/NeuralNetwork.app/$(BUNDLE_EXECUTABLE_FOLDER_PATH)/NeuralNetwork";
			};
			name = Release;
		};
/* End XCBuildConfiguration section */

/* Begin XCConfigurationList section */
		5957BCD9294A9F59001DF85D /* Build configuration list for PBXProject "NeuralNetwork" */ = {
			isa = XCConfigurationList;
			buildConfigurations = (
				5957BCEB294A9F5A001DF85D /* Debug */,
				5957BCEC294A9F5A001DF85D /* Release */,
			);
			defaultConfigurationIsVisible = 0;
			defaultConfigurationName = Release;
		};
		5957BCED294A9F5A001DF85D /* Build configuration list for PBXNativeTarget "NeuralNetwork" */ = {
			isa = XCConfigurationList;
			buildConfigurations = (
				5957BCEE294A9F5A001DF85D /* Debug */,
				5957BCEF294A9F5A001DF85D /* Release */,
			);
			defaultConfigurationIsVisible = 0;
			defaultConfigurationName = Release;
		};
		59F58AF8294B01EE006FC86D /* Build configuration list for PBXNativeTarget "NeuralNetworkTests" */ = {
			isa = XCConfigurationList;
			buildConfigurations = (
				59F58AF9294B01EE006FC86D /* Debug */,
				59F58AFA294B01EE006FC86D /* Release */,
			);
			defaultConfigurationIsVisible = 0;
			defaultConfigurationName = Release;
		};
/* End XCConfigurationList section */

/* Begin XCRemoteSwiftPackageReference section */
		59F58AFB294B0412006FC86D /* XCRemoteSwiftPackageReference "SwiftMatrix" */ = {
			isa = XCRemoteSwiftPackageReference;
			repositoryURL = "git@github.com:theolternative/SwiftMatrix.git";
			requirement = {
				branch = main;
				kind = branch;
			};
		};
/* End XCRemoteSwiftPackageReference section */

/* Begin XCSwiftPackageProductDependency section */
		59F58AFC294B0412006FC86D /* SwiftMatrix */ = {
			isa = XCSwiftPackageProductDependency;
			package = 59F58AFB294B0412006FC86D /* XCRemoteSwiftPackageReference "SwiftMatrix" */;
			productName = SwiftMatrix;
		};
/* End XCSwiftPackageProductDependency section */
	};
	rootObject = 5957BCD6294A9F59001DF85D /* Project object */;
}
